Microsoft Visual Studio Solution File, Format Version 12.00
# Visual Studio Version 17
VisualStudioVersion = 17.5.2.0
MinimumVisualStudioVersion = 10.0.40219.1
Project("{FAE04EC0-301F-11D3-BF4B-00C04F79EFBC}") = "MediRecords", "MediRecords\MediRecords.csproj", "{75F192CC-BF46-19CA-34BE-3B241B83BCAB}"
EndProject
Global
	GlobalSection(SolutionConfigurationPlatforms) = preSolution
		Debug|Any CPU = Debug|Any CPU
		Release|Any CPU = Release|Any CPU
	EndGlobalSection
	GlobalSection(ProjectConfigurationPlatforms) = postSolution
		{75F192CC-BF46-19CA-34BE-3B241B83BCAB}.Debug|Any CPU.ActiveCfg = Debug|Any CPU
		{75F192CC-BF46-19CA-34BE-3B241B83BCAB}.Debug|Any CPU.Build.0 = Debug|Any CPU
		{75F192CC-BF46-19CA-34BE-3B241B83BCAB}.Release|Any CPU.ActiveCfg = Release|Any CPU
		{75F192CC-BF46-19CA-34BE-3B241B83BCAB}.Release|Any CPU.Build.0 = Release|Any CPU
	EndGlobalSection
	GlobalSection(SolutionProperties) = preSolution
		HideSolutionNode = FALSE
	EndGlobalSection
	GlobalSection(ExtensibilityGlobals) = postSolution
		SolutionGuid = {D6B5DAB9-680D-416F-82A8-70C52C42A637}
	EndGlobalSection
EndGlobal
